{
  "nodes": {
    "crane": {
      "locked": {
        "lastModified": 1754269165,
        "narHash": "sha256-0tcS8FHd4QjbCVoxN9jI+PjHgA4vc/IjkUSp+N3zy0U=",
        "owner": "ipetkov",
        "repo": "crane",
        "rev": "444e81206df3f7d92780680e45858e31d2f07a08",
        "type": "github"
      },
      "original": {
        "owner": "ipetkov",
        "repo": "crane",
        "type": "github"
      }
    },
    "fenix": {
      "inputs": {
        "nixpkgs": [
          "nixpkgs"
        ],
        "rust-analyzer-src": "rust-analyzer-src"
      },
      "locked": {
        "lastModified": 1754894611,
        "narHash": "sha256-TEyTVDhzFyfvPahhi1iAmkopt6fMiTlmn6f278lTdDs=",
        "owner": "nix-community",
        "repo": "fenix",
        "rev": "a01861ebeb4d9c504845e7fb81509b82333ca0aa",
        "type": "github"
      },
      "original": {
        "owner": "nix-community",
        "repo": "fenix",
        "type": "github"
      }
    },
    "nixpkgs": {
      "locked": {
        "lastModified": 1754767907,
        "narHash": "sha256-8OnUzRQZkqtUol9vuUuQC30hzpMreKptNyET2T9lB6g=",
        "owner": "NixOS",
        "repo": "nixpkgs",
        "rev": "c5f08b62ed75415439d48152c2a784e36909b1bc",
        "type": "github"
      },
      "original": {
        "owner": "NixOS",
        "ref": "nixos-25.05",
        "repo": "nixpkgs",
        "type": "github"
      }
    },
    "root": {
      "inputs": {
        "crane": "crane",
        "fenix": "fenix",
        "nixpkgs": "nixpkgs"
      }
    },
    "rust-analyzer-src": {
      "flake": false,
      "locked": {
        "lastModified": 1754834452,
        "narHash": "sha256-otzv/l7c1rL+eH1cuJnUZVp4DR2dMdEIfhtLxTelIBY=",
        "owner": "rust-lang",
        "repo": "rust-analyzer",
        "rev": "4e147e787987fdb1baf081bd5c60bedfb0aabe16",
        "type": "github"
      },
      "original": {
        "owner": "rust-lang",
        "ref": "nightly",
        "repo": "rust-analyzer",
        "type": "github"
      }
    }
  },
  "root": "root",
  "version": 7
}
