{
  "nodes": {
    "cplib": {
      "flake": false,
      "locked": {
        "lastModified": 1764076117,
        "narHash": "sha256-LBiJ/TEryTbAwv7GgzkATYpp2uKmfIH3xGLN3EVqvuQ=",
        "owner": "rindag-devs",
        "repo": "cplib",
        "rev": "3807e21ad59dbdc4f4eefa11e0f6dcda6fe9d1b8",
        "type": "github"
      },
      "original": {
        "owner": "rindag-devs",
        "ref": "single-header-snapshot",
        "repo": "cplib",
        "type": "github"
      }
    },
    "cplibInitializers": {
      "flake": false,
      "locked": {
        "lastModified": 1759889336,
        "narHash": "sha256-2wxyYmg8VpPa/2b7xPgAYP0vLGOL8AJcHvV2SpRSxi8=",
        "owner": "rindag-devs",
        "repo": "cplib-initializers",
        "rev": "7c2b37b1863aa63ff1d2da560039c0e02fa3619c",
        "type": "github"
      },
      "original": {
        "owner": "rindag-devs",
        "repo": "cplib-initializers",
        "type": "github"
      }
    },
    "crane": {
      "locked": {
        "lastModified": 1764903584,
        "narHash": "sha256-RSkJtNtx0SEaQiYqsoFoRynwfZLo2OZ9z6rUq1DJR6g=",
        "owner": "ipetkov",
        "repo": "crane",
        "rev": "2b3a5a88d852575758e1eb6ac9ee677fcd633fc1",
        "type": "github"
      },
      "original": {
        "owner": "ipetkov",
        "repo": "crane",
        "type": "github"
      }
    },
    "fenix": {
      "inputs": {
        "nixpkgs": [
          "nixpkgs"
        ],
        "rust-analyzer-src": "rust-analyzer-src"
      },
      "locked": {
        "lastModified": 1765003156,
        "narHash": "sha256-k4YrPUhRj7Ciq385vREU57RHiDFycY5RaJwdCOmsLhU=",
        "owner": "nix-community",
        "repo": "fenix",
        "rev": "e8361cc010853d17740a63aae00385061ac9de51",
        "type": "github"
      },
      "original": {
        "owner": "nix-community",
        "repo": "fenix",
        "type": "github"
      }
    },
    "nixpkgs": {
      "locked": {
        "lastModified": 1764831616,
        "narHash": "sha256-OtzF5wBvO0jgW1WW1rQU9cMGx7zuvkF7CAVJ1ypzkxA=",
        "owner": "NixOS",
        "repo": "nixpkgs",
        "rev": "c97c47f2bac4fa59e2cbdeba289686ae615f8ed4",
        "type": "github"
      },
      "original": {
        "owner": "NixOS",
        "ref": "nixos-25.11",
        "repo": "nixpkgs",
        "type": "github"
      }
    },
    "root": {
      "inputs": {
        "cplib": "cplib",
        "cplibInitializers": "cplibInitializers",
        "crane": "crane",
        "fenix": "fenix",
        "nixpkgs": "nixpkgs",
        "typix": "typix"
      }
    },
    "rust-analyzer-src": {
      "flake": false,
      "locked": {
        "lastModified": 1764925941,
        "narHash": "sha256-zldc1SrUIhGMdQp+0woSqvBS51Mi8PW6JukONBQXZBY=",
        "owner": "rust-lang",
        "repo": "rust-analyzer",
        "rev": "2cbf3587d36dfc7b701ebb744d3dd5064355d04f",
        "type": "github"
      },
      "original": {
        "owner": "rust-lang",
        "ref": "nightly",
        "repo": "rust-analyzer",
        "type": "github"
      }
    },
    "typix": {
      "inputs": {
        "nixpkgs": [
          "nixpkgs"
        ]
      },
      "locked": {
        "lastModified": 1751013253,
        "narHash": "sha256-P0n7lAITZiDy05bpEHzsrCMyd+kDXqAnjqXwYSaWWQk=",
        "owner": "loqusion",
        "repo": "typix",
        "rev": "bddd0cbdc97f838602c664f6bd82c29d2522c8b8",
        "type": "github"
      },
      "original": {
        "owner": "loqusion",
        "ref": "0.3.2",
        "repo": "typix",
        "type": "github"
      }
    }
  },
  "root": "root",
  "version": 7
}
