{
  "nodes": {
    "cplib": {
      "flake": false,
      "locked": {
        "lastModified": 1759889315,
        "narHash": "sha256-2EX7ye1oqrVYiww3fmFSPeOCZtdNKI494WGDEtPU2OI=",
        "owner": "rindag-devs",
        "repo": "cplib",
        "rev": "fa3f2386e0cb4aaebb0269585c7d0f9a0fdba440",
        "type": "github"
      },
      "original": {
        "owner": "rindag-devs",
        "ref": "single-header-snapshot",
        "repo": "cplib",
        "type": "github"
      }
    },
    "cplibInitializers": {
      "flake": false,
      "locked": {
        "lastModified": 1759889336,
        "narHash": "sha256-2wxyYmg8VpPa/2b7xPgAYP0vLGOL8AJcHvV2SpRSxi8=",
        "owner": "rindag-devs",
        "repo": "cplib-initializers",
        "rev": "7c2b37b1863aa63ff1d2da560039c0e02fa3619c",
        "type": "github"
      },
      "original": {
        "owner": "rindag-devs",
        "repo": "cplib-initializers",
        "type": "github"
      }
    },
    "crane": {
      "locked": {
        "lastModified": 1759893430,
        "narHash": "sha256-yAy4otLYm9iZ+NtQwTMEbqHwswSFUbhn7x826RR6djw=",
        "owner": "ipetkov",
        "repo": "crane",
        "rev": "1979a2524cb8c801520bd94c38bb3d5692419d93",
        "type": "github"
      },
      "original": {
        "owner": "ipetkov",
        "repo": "crane",
        "type": "github"
      }
    },
    "fenix": {
      "inputs": {
        "nixpkgs": [
          "nixpkgs"
        ],
        "rust-analyzer-src": "rust-analyzer-src"
      },
      "locked": {
        "lastModified": 1760078406,
        "narHash": "sha256-JeJK0ZA845PtkCHkfo4KjeI1mYrsr2s3cxBYKhF4BoE=",
        "owner": "nix-community",
        "repo": "fenix",
        "rev": "351277c60d104944122ee389cdf581c5ce2c6732",
        "type": "github"
      },
      "original": {
        "owner": "nix-community",
        "repo": "fenix",
        "type": "github"
      }
    },
    "nixpkgs": {
      "locked": {
        "lastModified": 1759735786,
        "narHash": "sha256-a0+h02lyP2KwSNrZz4wLJTu9ikujNsTWIC874Bv7IJ0=",
        "owner": "NixOS",
        "repo": "nixpkgs",
        "rev": "20c4598c84a671783f741e02bf05cbfaf4907cff",
        "type": "github"
      },
      "original": {
        "owner": "NixOS",
        "ref": "nixos-25.05",
        "repo": "nixpkgs",
        "type": "github"
      }
    },
    "root": {
      "inputs": {
        "cplib": "cplib",
        "cplibInitializers": "cplibInitializers",
        "crane": "crane",
        "fenix": "fenix",
        "nixpkgs": "nixpkgs",
        "typix": "typix"
      }
    },
    "rust-analyzer-src": {
      "flake": false,
      "locked": {
        "lastModified": 1760014945,
        "narHash": "sha256-ySdl7F9+oeWNHVrg3QL/brazqmJvYFEdpGnF3pyoDH8=",
        "owner": "rust-lang",
        "repo": "rust-analyzer",
        "rev": "90d2e1ce4dfe7dc49250a8b88a0f08ffdb9cb23f",
        "type": "github"
      },
      "original": {
        "owner": "rust-lang",
        "ref": "nightly",
        "repo": "rust-analyzer",
        "type": "github"
      }
    },
    "typix": {
      "inputs": {
        "nixpkgs": [
          "nixpkgs"
        ]
      },
      "locked": {
        "lastModified": 1751013253,
        "narHash": "sha256-P0n7lAITZiDy05bpEHzsrCMyd+kDXqAnjqXwYSaWWQk=",
        "owner": "loqusion",
        "repo": "typix",
        "rev": "bddd0cbdc97f838602c664f6bd82c29d2522c8b8",
        "type": "github"
      },
      "original": {
        "owner": "loqusion",
        "ref": "0.3.2",
        "repo": "typix",
        "type": "github"
      }
    }
  },
  "root": "root",
  "version": 7
}
